
Microsoft Visual Studio Solution File, Format Version 12.00
# Visual Studio 2012
Project("{FAE04EC0-301F-11D3-BF4B-00C04F79EFBC}") = "ERP", "ERP\ERP.csproj", "{A9809B4F-ECC4-46CA-A570-95BB3E87700C}"
EndProject
Project("{FAE04EC0-301F-11D3-BF4B-00C04F79EFBC}") = "MES", "MES\MES.csproj", "{5BAC7C72-0FF7-4F0F-8A35-6334B4FFF1B5}"
EndProject
Project("{FAE04EC0-301F-11D3-BF4B-00C04F79EFBC}") = "RPT", "RPT\RPT.csproj", "{897203E7-7CEC-45ED-A5E6-7EA9A31F5F5B}"
EndProject
Project("{FAE04EC0-301F-11D3-BF4B-00C04F79EFBC}") = "TMS", "TMS\TMS.csproj", "{D0593513-0FA0-4868-A853-28555C87664E}"
EndProject
Project("{FAE04EC0-301F-11D3-BF4B-00C04F79EFBC}") = "BASE", "BASE\BASE.csproj", "{6DA24DD4-7D13-4646-AB8F-70794858AE24}"
EndProject
Global
	GlobalSection(SolutionConfigurationPlatforms) = preSolution
		Debug|Any CPU = Debug|Any CPU
		Release|Any CPU = Release|Any CPU
	EndGlobalSection
	GlobalSection(ProjectConfigurationPlatforms) = postSolution
		{A9809B4F-ECC4-46CA-A570-95BB3E87700C}.Debug|Any CPU.ActiveCfg = Debug|Any CPU
		{A9809B4F-ECC4-46CA-A570-95BB3E87700C}.Debug|Any CPU.Build.0 = Debug|Any CPU
		{A9809B4F-ECC4-46CA-A570-95BB3E87700C}.Release|Any CPU.ActiveCfg = Release|Any CPU
		{A9809B4F-ECC4-46CA-A570-95BB3E87700C}.Release|Any CPU.Build.0 = Release|Any CPU
		{5BAC7C72-0FF7-4F0F-8A35-6334B4FFF1B5}.Debug|Any CPU.ActiveCfg = Debug|Any CPU
		{5BAC7C72-0FF7-4F0F-8A35-6334B4FFF1B5}.Debug|Any CPU.Build.0 = Debug|Any CPU
		{5BAC7C72-0FF7-4F0F-8A35-6334B4FFF1B5}.Release|Any CPU.ActiveCfg = Release|Any CPU
		{5BAC7C72-0FF7-4F0F-8A35-6334B4FFF1B5}.Release|Any CPU.Build.0 = Release|Any CPU
		{897203E7-7CEC-45ED-A5E6-7EA9A31F5F5B}.Debug|Any CPU.ActiveCfg = Debug|Any CPU
		{897203E7-7CEC-45ED-A5E6-7EA9A31F5F5B}.Debug|Any CPU.Build.0 = Debug|Any CPU
		{897203E7-7CEC-45ED-A5E6-7EA9A31F5F5B}.Release|Any CPU.ActiveCfg = Release|Any CPU
		{897203E7-7CEC-45ED-A5E6-7EA9A31F5F5B}.Release|Any CPU.Build.0 = Release|Any CPU
		{D0593513-0FA0-4868-A853-28555C87664E}.Debug|Any CPU.ActiveCfg = Debug|Any CPU
		{D0593513-0FA0-4868-A853-28555C87664E}.Debug|Any CPU.Build.0 = Debug|Any CPU
		{D0593513-0FA0-4868-A853-28555C87664E}.Release|Any CPU.ActiveCfg = Release|Any CPU
		{D0593513-0FA0-4868-A853-28555C87664E}.Release|Any CPU.Build.0 = Release|Any CPU
		{6DA24DD4-7D13-4646-AB8F-70794858AE24}.Debug|Any CPU.ActiveCfg = Debug|Any CPU
		{6DA24DD4-7D13-4646-AB8F-70794858AE24}.Debug|Any CPU.Build.0 = Debug|Any CPU
		{6DA24DD4-7D13-4646-AB8F-70794858AE24}.Release|Any CPU.ActiveCfg = Release|Any CPU
		{6DA24DD4-7D13-4646-AB8F-70794858AE24}.Release|Any CPU.Build.0 = Release|Any CPU
	EndGlobalSection
	GlobalSection(SolutionProperties) = preSolution
		HideSolutionNode = FALSE
	EndGlobalSection
EndGlobal
